
Microsoft Visual Studio Solution File, Format Version 12.00
# Visual Studio 15
VisualStudioVersion = 15.0.28307.1062
MinimumVisualStudioVersion = 10.0.40219.1
Project("{8BC9CEB8-8B4A-11D0-8D11-00A0C91BC942}") = "4103", "4103\4103.vcxproj", "{D0FC756D-0388-4E30-93F9-1B591DABC704}"
EndProject
Global
	GlobalSection(SolutionConfigurationPlatforms) = preSolution
		Debug|x64 = Debug|x64
		Debug|x86 = Debug|x86
		Release|x64 = Release|x64
		Release|x86 = Release|x86
	EndGlobalSection
	GlobalSection(ProjectConfigurationPlatforms) = postSolution
		{D0FC756D-0388-4E30-93F9-1B591DABC704}.Debug|x64.ActiveCfg = Debug|x64
		{D0FC756D-0388-4E30-93F9-1B591DABC704}.Debug|x64.Build.0 = Debug|x64
		{D0FC756D-0388-4E30-93F9-1B591DABC704}.Debug|x86.ActiveCfg = Debug|Win32
		{D0FC756D-0388-4E30-93F9-1B591DABC704}.Debug|x86.Build.0 = Debug|Win32
		{D0FC756D-0388-4E30-93F9-1B591DABC704}.Release|x64.ActiveCfg = Release|x64
		{D0FC756D-0388-4E30-93F9-1B591DABC704}.Release|x64.Build.0 = Release|x64
		{D0FC756D-0388-4E30-93F9-1B591DABC704}.Release|x86.ActiveCfg = Release|Win32
		{D0FC756D-0388-4E30-93F9-1B591DABC704}.Release|x86.Build.0 = Release|Win32
	EndGlobalSection
	GlobalSection(SolutionProperties) = preSolution
		HideSolutionNode = FALSE
	EndGlobalSection
	GlobalSection(ExtensibilityGlobals) = postSolution
		SolutionGuid = {AB32F756-AC7C-4682-8A58-6E85B4773711}
	EndGlobalSection
EndGlobal
